// !$*UTF8*$!
{
	archiveVersion = 1;
	classes = {
	};
	objectVersion = 54;
	objects = {

/* Begin PBXBuildFile section */
		095C838DAF1B3751B05BECEE /* Pods_ReadiumWrapper.framework in Frameworks */ = {isa = PBXBuildFile; fileRef = 0F71F37835806816FD01F51E /* Pods_ReadiumWrapper.framework */; };
		3D68986F1E35A90B783A51AE /* Pods_ReadiumWrapper_ReadiumWrapperTests.framework in Frameworks */ = {isa = PBXBuildFile; fileRef = 59E7B6209FAA83A8CAE58BD4 /* Pods_ReadiumWrapper_ReadiumWrapperTests.framework */; };
		809630742C6349500039610A /* AnyPublisher.swift in Sources */ = {isa = PBXBuildFile; fileRef = 809630012C6349500039610A /* AnyPublisher.swift */; };
		809630752C6349500039610A /* Future.swift in Sources */ = {isa = PBXBuildFile; fileRef = 809630022C6349500039610A /* Future.swift */; };
		809630762C6349500039610A /* Locator.swift in Sources */ = {isa = PBXBuildFile; fileRef = 809630032C6349500039610A /* Locator.swift */; };
		809630772C6349500039610A /* UIImage.swift in Sources */ = {isa = PBXBuildFile; fileRef = 809630042C6349500039610A /* UIImage.swift */; };
		809630782C6349500039610A /* UIViewController.swift in Sources */ = {isa = PBXBuildFile; fileRef = 809630052C6349500039610A /* UIViewController.swift */; };
		809630792C6349500039610A /* BarButtonItem.swift in Sources */ = {isa = PBXBuildFile; fileRef = 809630072C6349500039610A /* BarButtonItem.swift */; };
		8096307A2C6349500039610A /* ScreenOrientation.swift in Sources */ = {isa = PBXBuildFile; fileRef = 809630082C6349500039610A /* ScreenOrientation.swift */; };
		8096307B2C6349500039610A /* IconButton.swift in Sources */ = {isa = PBXBuildFile; fileRef = 8096300A2C6349500039610A /* IconButton.swift */; };
		8096307C2C6349500039610A /* Paths.swift in Sources */ = {isa = PBXBuildFile; fileRef = 8096300C2C6349500039610A /* Paths.swift */; };
		8096307D2C6349500039610A /* Publication.swift in Sources */ = {isa = PBXBuildFile; fileRef = 8096300D2C6349500039610A /* Publication.swift */; };
		8096307E2C6349500039610A /* About.storyboard in Resources */ = {isa = PBXBuildFile; fileRef = 8096300F2C6349500039610A /* About.storyboard */; };
		8096307F2C6349500039610A /* DRMLibraryService.swift in Sources */ = {isa = PBXBuildFile; fileRef = 809630112C6349500039610A /* DRMLibraryService.swift */; };
		809630802C6349500039610A /* LCPLibraryService.swift in Sources */ = {isa = PBXBuildFile; fileRef = 809630122C6349500039610A /* LCPLibraryService.swift */; };
		809630812C6349500039610A /* DetailsTableViewController.swift in Sources */ = {isa = PBXBuildFile; fileRef = 809630142C6349500039610A /* DetailsTableViewController.swift */; };
		809630822C6349500039610A /* Library.storyboard in Resources */ = {isa = PBXBuildFile; fileRef = 809630162C6349500039610A /* Library.storyboard */; };
		809630832C6349500039610A /* LibraryError.swift in Sources */ = {isa = PBXBuildFile; fileRef = 809630172C6349500039610A /* LibraryError.swift */; };
		809630842C6349500039610A /* LibraryFactory.swift in Sources */ = {isa = PBXBuildFile; fileRef = 809630182C6349500039610A /* LibraryFactory.swift */; };
		809630852C6349500039610A /* LibraryModule.swift in Sources */ = {isa = PBXBuildFile; fileRef = 809630192C6349500039610A /* LibraryModule.swift */; };
		809630862C6349500039610A /* LibraryService.swift in Sources */ = {isa = PBXBuildFile; fileRef = 8096301A2C6349500039610A /* LibraryService.swift */; };
		809630872C6349500039610A /* LibraryViewController.swift in Sources */ = {isa = PBXBuildFile; fileRef = 8096301B2C6349500039610A /* LibraryViewController.swift */; };
		809630882C6349500039610A /* PublicationCollectionViewCell.swift in Sources */ = {isa = PBXBuildFile; fileRef = 8096301C2C6349500039610A /* PublicationCollectionViewCell.swift */; };
		809630892C6349500039610A /* PublicationCollectionViewCell.xib in Resources */ = {isa = PBXBuildFile; fileRef = 8096301E2C6349500039610A /* PublicationCollectionViewCell.xib */; };
		8096308A2C6349500039610A /* PublicationMenuViewController.strings in Resources */ = {isa = PBXBuildFile; fileRef = 809630202C6349500039610A /* PublicationMenuViewController.strings */; };
		8096308B2C6349500039610A /* PublicationMenuViewController.swift in Sources */ = {isa = PBXBuildFile; fileRef = 809630212C6349500039610A /* PublicationMenuViewController.swift */; };
		8096308C2C6349500039610A /* PublicationMenuViewController.xib in Resources */ = {isa = PBXBuildFile; fileRef = 809630232C6349500039610A /* PublicationMenuViewController.xib */; };
		8096308D2C6349500039610A /* OPDS.storyboard in Resources */ = {isa = PBXBuildFile; fileRef = 809630262C6349500039610A /* OPDS.storyboard */; };
		8096308E2C6349500039610A /* OPDSCatalogSelectorViewController.swift in Sources */ = {isa = PBXBuildFile; fileRef = 809630272C6349500039610A /* OPDSCatalogSelectorViewController.swift */; };
		8096308F2C6349500039610A /* OPDSFacetViewController.swift in Sources */ = {isa = PBXBuildFile; fileRef = 809630282C6349500039610A /* OPDSFacetViewController.swift */; };
		809630902C6349500039610A /* OPDSFactory.swift in Sources */ = {isa = PBXBuildFile; fileRef = 809630292C6349500039610A /* OPDSFactory.swift */; };
		809630912C6349500039610A /* OPDSGroupCollectionViewCell.swift in Sources */ = {isa = PBXBuildFile; fileRef = 8096302A2C6349500039610A /* OPDSGroupCollectionViewCell.swift */; };
		809630922C6349500039610A /* OPDSGroupTableViewCell.swift in Sources */ = {isa = PBXBuildFile; fileRef = 8096302B2C6349500039610A /* OPDSGroupTableViewCell.swift */; };
		809630932C6349500039610A /* OPDSModule.swift in Sources */ = {isa = PBXBuildFile; fileRef = 8096302C2C6349500039610A /* OPDSModule.swift */; };
		809630942C6349500039610A /* OPDSNavigationTableViewCell.swift in Sources */ = {isa = PBXBuildFile; fileRef = 8096302D2C6349500039610A /* OPDSNavigationTableViewCell.swift */; };
		809630952C6349500039610A /* OPDSPlaceholderView.swift in Sources */ = {isa = PBXBuildFile; fileRef = 8096302E2C6349500039610A /* OPDSPlaceholderView.swift */; };
		809630962C6349500039610A /* OPDSPublicationInfoViewController.swift in Sources */ = {isa = PBXBuildFile; fileRef = 8096302F2C6349500039610A /* OPDSPublicationInfoViewController.swift */; };
		809630972C6349500039610A /* OPDSPublicationTableViewCell.swift in Sources */ = {isa = PBXBuildFile; fileRef = 809630302C6349500039610A /* OPDSPublicationTableViewCell.swift */; };
		809630982C6349500039610A /* OPDSRootTableViewController.swift in Sources */ = {isa = PBXBuildFile; fileRef = 809630312C6349500039610A /* OPDSRootTableViewController.swift */; };
		809630992C6349500039610A /* AudiobookModule.swift in Sources */ = {isa = PBXBuildFile; fileRef = 809630332C6349500039610A /* AudiobookModule.swift */; };
		8096309A2C6349500039610A /* AudiobookViewController.swift in Sources */ = {isa = PBXBuildFile; fileRef = 809630342C6349500039610A /* AudiobookViewController.swift */; };
		8096309B2C6349500039610A /* CBZModule.swift in Sources */ = {isa = PBXBuildFile; fileRef = 809630362C6349500039610A /* CBZModule.swift */; };
		8096309C2C6349500039610A /* CBZViewController.swift in Sources */ = {isa = PBXBuildFile; fileRef = 809630372C6349500039610A /* CBZViewController.swift */; };
		8096309D2C6349500039610A /* BookmarkCellView.swift in Sources */ = {isa = PBXBuildFile; fileRef = 809630392C6349500039610A /* BookmarkCellView.swift */; };
		8096309E2C6349500039610A /* DRM.storyboard in Resources */ = {isa = PBXBuildFile; fileRef = 8096303C2C6349500039610A /* DRM.storyboard */; };
		8096309F2C6349500039610A /* LCPManagementTableViewController.swift in Sources */ = {isa = PBXBuildFile; fileRef = 8096303D2C6349500039610A /* LCPManagementTableViewController.swift */; };
		809630A02C6349500039610A /* LCPViewModel.swift in Sources */ = {isa = PBXBuildFile; fileRef = 8096303E2C6349500039610A /* LCPViewModel.swift */; };
		809630A12C6349500039610A /* HighlightCellView.swift in Sources */ = {isa = PBXBuildFile; fileRef = 809630402C6349500039610A /* HighlightCellView.swift */; };
		809630A22C6349500039610A /* HighlightContextMenu.swift in Sources */ = {isa = PBXBuildFile; fileRef = 809630412C6349500039610A /* HighlightContextMenu.swift */; };
		809630A32C6349500039610A /* OutlineTableView.swift in Sources */ = {isa = PBXBuildFile; fileRef = 809630432C6349500039610A /* OutlineTableView.swift */; };
		809630A42C6349500039610A /* OutlineViewModels.swift in Sources */ = {isa = PBXBuildFile; fileRef = 809630442C6349500039610A /* OutlineViewModels.swift */; };
		809630A52C6349500039610A /* UserPreferences.swift in Sources */ = {isa = PBXBuildFile; fileRef = 809630462C6349500039610A /* UserPreferences.swift */; };
		809630A62C6349500039610A /* SearchView.swift in Sources */ = {isa = PBXBuildFile; fileRef = 809630482C6349500039610A /* SearchView.swift */; };
		809630A72C6349500039610A /* SearchViewModel.swift in Sources */ = {isa = PBXBuildFile; fileRef = 809630492C6349500039610A /* SearchViewModel.swift */; };
		809630A82C6349500039610A /* TTSView.swift in Sources */ = {isa = PBXBuildFile; fileRef = 8096304B2C6349500039610A /* TTSView.swift */; };
		809630A92C6349500039610A /* TTSViewModel.swift in Sources */ = {isa = PBXBuildFile; fileRef = 8096304C2C6349500039610A /* TTSViewModel.swift */; };
		809630AA2C6349500039610A /* ReaderViewController.swift in Sources */ = {isa = PBXBuildFile; fileRef = 8096304E2C6349500039610A /* ReaderViewController.swift */; };
		809630AB2C6349500039610A /* VisualReaderViewController.swift in Sources */ = {isa = PBXBuildFile; fileRef = 8096304F2C6349500039610A /* VisualReaderViewController.swift */; };
		809630AC2C6349500039610A /* EPUBModule.swift in Sources */ = {isa = PBXBuildFile; fileRef = 809630512C6349500039610A /* EPUBModule.swift */; };
		809630AD2C6349500039610A /* EPUBViewController.swift in Sources */ = {isa = PBXBuildFile; fileRef = 809630522C6349500039610A /* EPUBViewController.swift */; };
		809630AE2C6349510039610A /* PDFModule.swift in Sources */ = {isa = PBXBuildFile; fileRef = 809630542C6349500039610A /* PDFModule.swift */; };
		809630AF2C6349510039610A /* PDFViewController.swift in Sources */ = {isa = PBXBuildFile; fileRef = 809630552C6349500039610A /* PDFViewController.swift */; };
		809630B02C6349510039610A /* ReaderError.swift in Sources */ = {isa = PBXBuildFile; fileRef = 809630572C6349500039610A /* ReaderError.swift */; };
		809630B12C6349510039610A /* ReaderFactory.swift in Sources */ = {isa = PBXBuildFile; fileRef = 809630582C6349500039610A /* ReaderFactory.swift */; };
		809630B22C6349510039610A /* ReaderFormatModule.swift in Sources */ = {isa = PBXBuildFile; fileRef = 809630592C6349500039610A /* ReaderFormatModule.swift */; };
		809630B32C6349510039610A /* ReaderModule.swift in Sources */ = {isa = PBXBuildFile; fileRef = 8096305A2C6349500039610A /* ReaderModule.swift */; };
		809630B42C6349510039610A /* Toast.swift in Sources */ = {isa = PBXBuildFile; fileRef = 8096305B2C6349500039610A /* Toast.swift */; };
		809630B92C6349510039610A /* Assets.xcassets in Resources */ = {isa = PBXBuildFile; fileRef = 809630632C6349500039610A /* Assets.xcassets */; };
		809630BA2C6349510039610A /* LaunchScreen.storyboard in Resources */ = {isa = PBXBuildFile; fileRef = 809630652C6349500039610A /* LaunchScreen.storyboard */; };
		809630BB2C6349510039610A /* Localizable.strings in Resources */ = {isa = PBXBuildFile; fileRef = 809630672C6349500039610A /* Localizable.strings */; };
		809630BC2C6349510039610A /* Book.swift in Sources */ = {isa = PBXBuildFile; fileRef = 809630692C6349500039610A /* Book.swift */; };
		809630BD2C6349510039610A /* Bookmark.swift in Sources */ = {isa = PBXBuildFile; fileRef = 8096306A2C6349500039610A /* Bookmark.swift */; };
		809630BE2C6349510039610A /* Database.swift in Sources */ = {isa = PBXBuildFile; fileRef = 8096306B2C6349500039610A /* Database.swift */; };
		809630BF2C6349510039610A /* Highlight.swift in Sources */ = {isa = PBXBuildFile; fileRef = 8096306C2C6349500039610A /* Highlight.swift */; };
		809630C02C6349510039610A /* UserPreferencesStore.swift in Sources */ = {isa = PBXBuildFile; fileRef = 8096306D2C6349500039610A /* UserPreferencesStore.swift */; };
		809630C12C6349510039610A /* AboutTableViewController.swift in Sources */ = {isa = PBXBuildFile; fileRef = 8096306F2C6349500039610A /* AboutTableViewController.swift */; };
		809630C22C6349510039610A /* App.storyboard in Resources */ = {isa = PBXBuildFile; fileRef = 809630712C6349500039610A /* App.storyboard */; };
		809630C32C6349510039610A /* AppModule.swift in Sources */ = {isa = PBXBuildFile; fileRef = 809630722C6349500039610A /* AppModule.swift */; };
		E214F16625B70B0900D330D4 /* ReadiumWrapper.framework in Frameworks */ = {isa = PBXBuildFile; fileRef = E214F15C25B70B0900D330D4 /* ReadiumWrapper.framework */; };
		E214F16B25B70B0900D330D4 /* ReadiumWrapperTests.swift in Sources */ = {isa = PBXBuildFile; fileRef = E214F16A25B70B0900D330D4 /* ReadiumWrapperTests.swift */; };
		E214F16D25B70B0900D330D4 /* ReadiumWrapper.h in Headers */ = {isa = PBXBuildFile; fileRef = E214F15F25B70B0900D330D4 /* ReadiumWrapper.h */; settings = {ATTRIBUTES = (Public, ); }; };
		E214F30825B71F5800D330D4 /* ReadiumWrapper.swift in Sources */ = {isa = PBXBuildFile; fileRef = E214F30725B71F5800D330D4 /* ReadiumWrapper.swift */; };
/* End PBXBuildFile section */

/* Begin PBXContainerItemProxy section */
		E214F16725B70B0900D330D4 /* PBXContainerItemProxy */ = {
			isa = PBXContainerItemProxy;
			containerPortal = E214F15325B70B0900D330D4 /* Project object */;
			proxyType = 1;
			remoteGlobalIDString = E214F15B25B70B0900D330D4;
			remoteInfo = ReadiumWrapper;
		};
/* End PBXContainerItemProxy section */

/* Begin PBXFileReference section */
		0F71F37835806816FD01F51E /* Pods_ReadiumWrapper.framework */ = {isa = PBXFileReference; explicitFileType = wrapper.framework; includeInIndex = 0; path = Pods_ReadiumWrapper.framework; sourceTree = BUILT_PRODUCTS_DIR; };
		59E7B6209FAA83A8CAE58BD4 /* Pods_ReadiumWrapper_ReadiumWrapperTests.framework */ = {isa = PBXFileReference; explicitFileType = wrapper.framework; includeInIndex = 0; path = Pods_ReadiumWrapper_ReadiumWrapperTests.framework; sourceTree = BUILT_PRODUCTS_DIR; };
		809630012C6349500039610A /* AnyPublisher.swift */ = {isa = PBXFileReference; fileEncoding = 4; lastKnownFileType = sourcecode.swift; path = AnyPublisher.swift; sourceTree = "<group>"; };
		809630022C6349500039610A /* Future.swift */ = {isa = PBXFileReference; fileEncoding = 4; lastKnownFileType = sourcecode.swift; path = Future.swift; sourceTree = "<group>"; };
		809630032C6349500039610A /* Locator.swift */ = {isa = PBXFileReference; fileEncoding = 4; lastKnownFileType = sourcecode.swift; path = Locator.swift; sourceTree = "<group>"; };
		809630042C6349500039610A /* UIImage.swift */ = {isa = PBXFileReference; fileEncoding = 4; lastKnownFileType = sourcecode.swift; path = UIImage.swift; sourceTree = "<group>"; };
		809630052C6349500039610A /* UIViewController.swift */ = {isa = PBXFileReference; fileEncoding = 4; lastKnownFileType = sourcecode.swift; path = UIViewController.swift; sourceTree = "<group>"; };
		809630072C6349500039610A /* BarButtonItem.swift */ = {isa = PBXFileReference; fileEncoding = 4; lastKnownFileType = sourcecode.swift; path = BarButtonItem.swift; sourceTree = "<group>"; };
		809630082C6349500039610A /* ScreenOrientation.swift */ = {isa = PBXFileReference; fileEncoding = 4; lastKnownFileType = sourcecode.swift; path = ScreenOrientation.swift; sourceTree = "<group>"; };
		8096300A2C6349500039610A /* IconButton.swift */ = {isa = PBXFileReference; fileEncoding = 4; lastKnownFileType = sourcecode.swift; path = IconButton.swift; sourceTree = "<group>"; };
		8096300C2C6349500039610A /* Paths.swift */ = {isa = PBXFileReference; fileEncoding = 4; lastKnownFileType = sourcecode.swift; path = Paths.swift; sourceTree = "<group>"; };
		8096300D2C6349500039610A /* Publication.swift */ = {isa = PBXFileReference; fileEncoding = 4; lastKnownFileType = sourcecode.swift; path = Publication.swift; sourceTree = "<group>"; };
		8096300F2C6349500039610A /* About.storyboard */ = {isa = PBXFileReference; fileEncoding = 4; lastKnownFileType = file.storyboard; path = About.storyboard; sourceTree = "<group>"; };
		809630112C6349500039610A /* DRMLibraryService.swift */ = {isa = PBXFileReference; fileEncoding = 4; lastKnownFileType = sourcecode.swift; path = DRMLibraryService.swift; sourceTree = "<group>"; };
		809630122C6349500039610A /* LCPLibraryService.swift */ = {isa = PBXFileReference; fileEncoding = 4; lastKnownFileType = sourcecode.swift; path = LCPLibraryService.swift; sourceTree = "<group>"; };
		809630142C6349500039610A /* DetailsTableViewController.swift */ = {isa = PBXFileReference; fileEncoding = 4; lastKnownFileType = sourcecode.swift; path = DetailsTableViewController.swift; sourceTree = "<group>"; };
		809630152C6349500039610A /* Base */ = {isa = PBXFileReference; lastKnownFileType = file.storyboard; name = Base; path = Base.lproj/Library.storyboard; sourceTree = "<group>"; };
		809630172C6349500039610A /* LibraryError.swift */ = {isa = PBXFileReference; fileEncoding = 4; lastKnownFileType = sourcecode.swift; path = LibraryError.swift; sourceTree = "<group>"; };
		809630182C6349500039610A /* LibraryFactory.swift */ = {isa = PBXFileReference; fileEncoding = 4; lastKnownFileType = sourcecode.swift; path = LibraryFactory.swift; sourceTree = "<group>"; };
		809630192C6349500039610A /* LibraryModule.swift */ = {isa = PBXFileReference; fileEncoding = 4; lastKnownFileType = sourcecode.swift; path = LibraryModule.swift; sourceTree = "<group>"; };
		8096301A2C6349500039610A /* LibraryService.swift */ = {isa = PBXFileReference; fileEncoding = 4; lastKnownFileType = sourcecode.swift; path = LibraryService.swift; sourceTree = "<group>"; };
		8096301B2C6349500039610A /* LibraryViewController.swift */ = {isa = PBXFileReference; fileEncoding = 4; lastKnownFileType = sourcecode.swift; path = LibraryViewController.swift; sourceTree = "<group>"; };
		8096301C2C6349500039610A /* PublicationCollectionViewCell.swift */ = {isa = PBXFileReference; fileEncoding = 4; lastKnownFileType = sourcecode.swift; path = PublicationCollectionViewCell.swift; sourceTree = "<group>"; };
		8096301D2C6349500039610A /* Base */ = {isa = PBXFileReference; lastKnownFileType = file.xib; name = Base; path = Base.lproj/PublicationCollectionViewCell.xib; sourceTree = "<group>"; };
		8096301F2C6349500039610A /* en */ = {isa = PBXFileReference; lastKnownFileType = text.plist.strings; name = en; path = en.lproj/PublicationMenuViewController.strings; sourceTree = "<group>"; };
		809630212C6349500039610A /* PublicationMenuViewController.swift */ = {isa = PBXFileReference; fileEncoding = 4; lastKnownFileType = sourcecode.swift; path = PublicationMenuViewController.swift; sourceTree = "<group>"; };
		809630222C6349500039610A /* Base */ = {isa = PBXFileReference; lastKnownFileType = file.xib; name = Base; path = Base.lproj/PublicationMenuViewController.xib; sourceTree = "<group>"; };
		809630252C6349500039610A /* Base */ = {isa = PBXFileReference; lastKnownFileType = file.storyboard; name = Base; path = Base.lproj/OPDS.storyboard; sourceTree = "<group>"; };
		809630272C6349500039610A /* OPDSCatalogSelectorViewController.swift */ = {isa = PBXFileReference; fileEncoding = 4; lastKnownFileType = sourcecode.swift; path = OPDSCatalogSelectorViewController.swift; sourceTree = "<group>"; };
		809630282C6349500039610A /* OPDSFacetViewController.swift */ = {isa = PBXFileReference; fileEncoding = 4; lastKnownFileType = sourcecode.swift; path = OPDSFacetViewController.swift; sourceTree = "<group>"; };
		809630292C6349500039610A /* OPDSFactory.swift */ = {isa = PBXFileReference; fileEncoding = 4; lastKnownFileType = sourcecode.swift; path = OPDSFactory.swift; sourceTree = "<group>"; };
		8096302A2C6349500039610A /* OPDSGroupCollectionViewCell.swift */ = {isa = PBXFileReference; fileEncoding = 4; lastKnownFileType = sourcecode.swift; path = OPDSGroupCollectionViewCell.swift; sourceTree = "<group>"; };
		8096302B2C6349500039610A /* OPDSGroupTableViewCell.swift */ = {isa = PBXFileReference; fileEncoding = 4; lastKnownFileType = sourcecode.swift; path = OPDSGroupTableViewCell.swift; sourceTree = "<group>"; };
		8096302C2C6349500039610A /* OPDSModule.swift */ = {isa = PBXFileReference; fileEncoding = 4; lastKnownFileType = sourcecode.swift; path = OPDSModule.swift; sourceTree = "<group>"; };
		8096302D2C6349500039610A /* OPDSNavigationTableViewCell.swift */ = {isa = PBXFileReference; fileEncoding = 4; lastKnownFileType = sourcecode.swift; path = OPDSNavigationTableViewCell.swift; sourceTree = "<group>"; };
		8096302E2C6349500039610A /* OPDSPlaceholderView.swift */ = {isa = PBXFileReference; fileEncoding = 4; lastKnownFileType = sourcecode.swift; path = OPDSPlaceholderView.swift; sourceTree = "<group>"; };
		8096302F2C6349500039610A /* OPDSPublicationInfoViewController.swift */ = {isa = PBXFileReference; fileEncoding = 4; lastKnownFileType = sourcecode.swift; path = OPDSPublicationInfoViewController.swift; sourceTree = "<group>"; };
		809630302C6349500039610A /* OPDSPublicationTableViewCell.swift */ = {isa = PBXFileReference; fileEncoding = 4; lastKnownFileType = sourcecode.swift; path = OPDSPublicationTableViewCell.swift; sourceTree = "<group>"; };
		809630312C6349500039610A /* OPDSRootTableViewController.swift */ = {isa = PBXFileReference; fileEncoding = 4; lastKnownFileType = sourcecode.swift; path = OPDSRootTableViewController.swift; sourceTree = "<group>"; };
		809630332C6349500039610A /* AudiobookModule.swift */ = {isa = PBXFileReference; fileEncoding = 4; lastKnownFileType = sourcecode.swift; path = AudiobookModule.swift; sourceTree = "<group>"; };
		809630342C6349500039610A /* AudiobookViewController.swift */ = {isa = PBXFileReference; fileEncoding = 4; lastKnownFileType = sourcecode.swift; path = AudiobookViewController.swift; sourceTree = "<group>"; };
		809630362C6349500039610A /* CBZModule.swift */ = {isa = PBXFileReference; fileEncoding = 4; lastKnownFileType = sourcecode.swift; path = CBZModule.swift; sourceTree = "<group>"; };
		809630372C6349500039610A /* CBZViewController.swift */ = {isa = PBXFileReference; fileEncoding = 4; lastKnownFileType = sourcecode.swift; path = CBZViewController.swift; sourceTree = "<group>"; };
		809630392C6349500039610A /* BookmarkCellView.swift */ = {isa = PBXFileReference; fileEncoding = 4; lastKnownFileType = sourcecode.swift; path = BookmarkCellView.swift; sourceTree = "<group>"; };
		8096303B2C6349500039610A /* Base */ = {isa = PBXFileReference; lastKnownFileType = file.storyboard; name = Base; path = Base.lproj/DRM.storyboard; sourceTree = "<group>"; };
		8096303D2C6349500039610A /* LCPManagementTableViewController.swift */ = {isa = PBXFileReference; fileEncoding = 4; lastKnownFileType = sourcecode.swift; path = LCPManagementTableViewController.swift; sourceTree = "<group>"; };
		8096303E2C6349500039610A /* LCPViewModel.swift */ = {isa = PBXFileReference; fileEncoding = 4; lastKnownFileType = sourcecode.swift; path = LCPViewModel.swift; sourceTree = "<group>"; };
		809630402C6349500039610A /* HighlightCellView.swift */ = {isa = PBXFileReference; fileEncoding = 4; lastKnownFileType = sourcecode.swift; path = HighlightCellView.swift; sourceTree = "<group>"; };
		809630412C6349500039610A /* HighlightContextMenu.swift */ = {isa = PBXFileReference; fileEncoding = 4; lastKnownFileType = sourcecode.swift; path = HighlightContextMenu.swift; sourceTree = "<group>"; };
		809630432C6349500039610A /* OutlineTableView.swift */ = {isa = PBXFileReference; fileEncoding = 4; lastKnownFileType = sourcecode.swift; path = OutlineTableView.swift; sourceTree = "<group>"; };
		809630442C6349500039610A /* OutlineViewModels.swift */ = {isa = PBXFileReference; fileEncoding = 4; lastKnownFileType = sourcecode.swift; path = OutlineViewModels.swift; sourceTree = "<group>"; };
		809630462C6349500039610A /* UserPreferences.swift */ = {isa = PBXFileReference; fileEncoding = 4; lastKnownFileType = sourcecode.swift; path = UserPreferences.swift; sourceTree = "<group>"; };
		809630482C6349500039610A /* SearchView.swift */ = {isa = PBXFileReference; fileEncoding = 4; lastKnownFileType = sourcecode.swift; path = SearchView.swift; sourceTree = "<group>"; };
		809630492C6349500039610A /* SearchViewModel.swift */ = {isa = PBXFileReference; fileEncoding = 4; lastKnownFileType = sourcecode.swift; path = SearchViewModel.swift; sourceTree = "<group>"; };
		8096304B2C6349500039610A /* TTSView.swift */ = {isa = PBXFileReference; fileEncoding = 4; lastKnownFileType = sourcecode.swift; path = TTSView.swift; sourceTree = "<group>"; };
		8096304C2C6349500039610A /* TTSViewModel.swift */ = {isa = PBXFileReference; fileEncoding = 4; lastKnownFileType = sourcecode.swift; path = TTSViewModel.swift; sourceTree = "<group>"; };
		8096304E2C6349500039610A /* ReaderViewController.swift */ = {isa = PBXFileReference; fileEncoding = 4; lastKnownFileType = sourcecode.swift; path = ReaderViewController.swift; sourceTree = "<group>"; };
		8096304F2C6349500039610A /* VisualReaderViewController.swift */ = {isa = PBXFileReference; fileEncoding = 4; lastKnownFileType = sourcecode.swift; path = VisualReaderViewController.swift; sourceTree = "<group>"; };
		809630512C6349500039610A /* EPUBModule.swift */ = {isa = PBXFileReference; fileEncoding = 4; lastKnownFileType = sourcecode.swift; path = EPUBModule.swift; sourceTree = "<group>"; };
		809630522C6349500039610A /* EPUBViewController.swift */ = {isa = PBXFileReference; fileEncoding = 4; lastKnownFileType = sourcecode.swift; path = EPUBViewController.swift; sourceTree = "<group>"; };
		809630542C6349500039610A /* PDFModule.swift */ = {isa = PBXFileReference; fileEncoding = 4; lastKnownFileType = sourcecode.swift; path = PDFModule.swift; sourceTree = "<group>"; };
		809630552C6349500039610A /* PDFViewController.swift */ = {isa = PBXFileReference; fileEncoding = 4; lastKnownFileType = sourcecode.swift; path = PDFViewController.swift; sourceTree = "<group>"; };
		809630572C6349500039610A /* ReaderError.swift */ = {isa = PBXFileReference; fileEncoding = 4; lastKnownFileType = sourcecode.swift; path = ReaderError.swift; sourceTree = "<group>"; };
		809630582C6349500039610A /* ReaderFactory.swift */ = {isa = PBXFileReference; fileEncoding = 4; lastKnownFileType = sourcecode.swift; path = ReaderFactory.swift; sourceTree = "<group>"; };
		809630592C6349500039610A /* ReaderFormatModule.swift */ = {isa = PBXFileReference; fileEncoding = 4; lastKnownFileType = sourcecode.swift; path = ReaderFormatModule.swift; sourceTree = "<group>"; };
		8096305A2C6349500039610A /* ReaderModule.swift */ = {isa = PBXFileReference; fileEncoding = 4; lastKnownFileType = sourcecode.swift; path = ReaderModule.swift; sourceTree = "<group>"; };
		8096305B2C6349500039610A /* Toast.swift */ = {isa = PBXFileReference; fileEncoding = 4; lastKnownFileType = sourcecode.swift; path = Toast.swift; sourceTree = "<group>"; };
		8096305D2C6349500039610A /* Literata-Italic-VariableFont_opsz,wght.ttf */ = {isa = PBXFileReference; lastKnownFileType = file; path = "Literata-Italic-VariableFont_opsz,wght.ttf"; sourceTree = "<group>"; };
		8096305E2C6349500039610A /* Literata-VariableFont_opsz,wght.ttf */ = {isa = PBXFileReference; lastKnownFileType = file; path = "Literata-VariableFont_opsz,wght.ttf"; sourceTree = "<group>"; };
		809630602C6349500039610A /* Literata-Italic-VariableFont_opsz,wght.ttf */ = {isa = PBXFileReference; lastKnownFileType = file; path = "Literata-Italic-VariableFont_opsz,wght.ttf"; sourceTree = "<group>"; };
		809630612C6349500039610A /* Literata-VariableFont_opsz,wght.ttf */ = {isa = PBXFileReference; lastKnownFileType = file; path = "Literata-VariableFont_opsz,wght.ttf"; sourceTree = "<group>"; };
		809630632C6349500039610A /* Assets.xcassets */ = {isa = PBXFileReference; lastKnownFileType = folder.assetcatalog; path = Assets.xcassets; sourceTree = "<group>"; };
		809630642C6349500039610A /* Base */ = {isa = PBXFileReference; lastKnownFileType = file.storyboard; name = Base; path = Base.lproj/LaunchScreen.storyboard; sourceTree = "<group>"; };
		809630662C6349500039610A /* en */ = {isa = PBXFileReference; lastKnownFileType = text.plist.strings; name = en; path = en.lproj/Localizable.strings; sourceTree = "<group>"; };
		809630692C6349500039610A /* Book.swift */ = {isa = PBXFileReference; fileEncoding = 4; lastKnownFileType = sourcecode.swift; path = Book.swift; sourceTree = "<group>"; };
		8096306A2C6349500039610A /* Bookmark.swift */ = {isa = PBXFileReference; fileEncoding = 4; lastKnownFileType = sourcecode.swift; path = Bookmark.swift; sourceTree = "<group>"; };
		8096306B2C6349500039610A /* Database.swift */ = {isa = PBXFileReference; fileEncoding = 4; lastKnownFileType = sourcecode.swift; path = Database.swift; sourceTree = "<group>"; };
		8096306C2C6349500039610A /* Highlight.swift */ = {isa = PBXFileReference; fileEncoding = 4; lastKnownFileType = sourcecode.swift; path = Highlight.swift; sourceTree = "<group>"; };
		8096306D2C6349500039610A /* UserPreferencesStore.swift */ = {isa = PBXFileReference; fileEncoding = 4; lastKnownFileType = sourcecode.swift; path = UserPreferencesStore.swift; sourceTree = "<group>"; };
		8096306F2C6349500039610A /* AboutTableViewController.swift */ = {isa = PBXFileReference; fileEncoding = 4; lastKnownFileType = sourcecode.swift; path = AboutTableViewController.swift; sourceTree = "<group>"; };
		809630702C6349500039610A /* Base */ = {isa = PBXFileReference; lastKnownFileType = file.storyboard; name = Base; path = Base.lproj/App.storyboard; sourceTree = "<group>"; };
		809630722C6349500039610A /* AppModule.swift */ = {isa = PBXFileReference; fileEncoding = 4; lastKnownFileType = sourcecode.swift; path = AppModule.swift; sourceTree = "<group>"; };
		8DABF39C48C4C190335613B4 /* Pods-ReadiumWrapper.debug.xcconfig */ = {isa = PBXFileReference; includeInIndex = 1; lastKnownFileType = text.xcconfig; name = "Pods-ReadiumWrapper.debug.xcconfig"; path = "Target Support Files/Pods-ReadiumWrapper/Pods-ReadiumWrapper.debug.xcconfig"; sourceTree = "<group>"; };
		AD628F4A49179D0FB3E27E20 /* Pods-ReadiumWrapper.release.xcconfig */ = {isa = PBXFileReference; includeInIndex = 1; lastKnownFileType = text.xcconfig; name = "Pods-ReadiumWrapper.release.xcconfig"; path = "Target Support Files/Pods-ReadiumWrapper/Pods-ReadiumWrapper.release.xcconfig"; sourceTree = "<group>"; };
		C54332BEE7C3420D4D7FBFA5 /* Pods-ReadiumWrapper-ReadiumWrapperTests.release.xcconfig */ = {isa = PBXFileReference; includeInIndex = 1; lastKnownFileType = text.xcconfig; name = "Pods-ReadiumWrapper-ReadiumWrapperTests.release.xcconfig"; path = "Target Support Files/Pods-ReadiumWrapper-ReadiumWrapperTests/Pods-ReadiumWrapper-ReadiumWrapperTests.release.xcconfig"; sourceTree = "<group>"; };
		E214F15C25B70B0900D330D4 /* ReadiumWrapper.framework */ = {isa = PBXFileReference; explicitFileType = wrapper.framework; includeInIndex = 0; path = ReadiumWrapper.framework; sourceTree = BUILT_PRODUCTS_DIR; };
		E214F15F25B70B0900D330D4 /* ReadiumWrapper.h */ = {isa = PBXFileReference; lastKnownFileType = sourcecode.c.h; path = ReadiumWrapper.h; sourceTree = "<group>"; };
		E214F16025B70B0900D330D4 /* Info.plist */ = {isa = PBXFileReference; lastKnownFileType = text.plist.xml; path = Info.plist; sourceTree = "<group>"; };
		E214F16525B70B0900D330D4 /* ReadiumWrapperTests.xctest */ = {isa = PBXFileReference; explicitFileType = wrapper.cfbundle; includeInIndex = 0; path = ReadiumWrapperTests.xctest; sourceTree = BUILT_PRODUCTS_DIR; };
		E214F16A25B70B0900D330D4 /* ReadiumWrapperTests.swift */ = {isa = PBXFileReference; lastKnownFileType = sourcecode.swift; path = ReadiumWrapperTests.swift; sourceTree = "<group>"; };
		E214F16C25B70B0900D330D4 /* Info.plist */ = {isa = PBXFileReference; lastKnownFileType = text.plist.xml; path = Info.plist; sourceTree = "<group>"; };
		E214F30725B71F5800D330D4 /* ReadiumWrapper.swift */ = {isa = PBXFileReference; fileEncoding = 4; lastKnownFileType = sourcecode.swift; path = ReadiumWrapper.swift; sourceTree = "<group>"; };
		E492B40C5FA2D8658B341744 /* Pods-ReadiumWrapper-ReadiumWrapperTests.debug.xcconfig */ = {isa = PBXFileReference; includeInIndex = 1; lastKnownFileType = text.xcconfig; name = "Pods-ReadiumWrapper-ReadiumWrapperTests.debug.xcconfig"; path = "Target Support Files/Pods-ReadiumWrapper-ReadiumWrapperTests/Pods-ReadiumWrapper-ReadiumWrapperTests.debug.xcconfig"; sourceTree = "<group>"; };
/* End PBXFileReference section */

/* Begin PBXFrameworksBuildPhase section */
		E214F15925B70B0900D330D4 /* Frameworks */ = {
			isa = PBXFrameworksBuildPhase;
			buildActionMask = 2147483647;
			files = (
				095C838DAF1B3751B05BECEE /* Pods_ReadiumWrapper.framework in Frameworks */,
			);
			runOnlyForDeploymentPostprocessing = 0;
		};
		E214F16225B70B0900D330D4 /* Frameworks */ = {
			isa = PBXFrameworksBuildPhase;
			buildActionMask = 2147483647;
			files = (
				E214F16625B70B0900D330D4 /* ReadiumWrapper.framework in Frameworks */,
				3D68986F1E35A90B783A51AE /* Pods_ReadiumWrapper_ReadiumWrapperTests.framework in Frameworks */,
			);
			runOnlyForDeploymentPostprocessing = 0;
		};
/* End PBXFrameworksBuildPhase section */

/* Begin PBXGroup section */
		30ADEBE9D7F920F6BDE2C090 /* Frameworks */ = {
			isa = PBXGroup;
			children = (
				0F71F37835806816FD01F51E /* Pods_ReadiumWrapper.framework */,
				59E7B6209FAA83A8CAE58BD4 /* Pods_ReadiumWrapper_ReadiumWrapperTests.framework */,
			);
			name = Frameworks;
			sourceTree = "<group>";
		};
		5F04BE323B43608FE7E4D8FC /* Pods */ = {
			isa = PBXGroup;
			children = (
				8DABF39C48C4C190335613B4 /* Pods-ReadiumWrapper.debug.xcconfig */,
				AD628F4A49179D0FB3E27E20 /* Pods-ReadiumWrapper.release.xcconfig */,
				E492B40C5FA2D8658B341744 /* Pods-ReadiumWrapper-ReadiumWrapperTests.debug.xcconfig */,
				C54332BEE7C3420D4D7FBFA5 /* Pods-ReadiumWrapper-ReadiumWrapperTests.release.xcconfig */,
			);
			path = Pods;
			sourceTree = "<group>";
		};
		809630062C6349500039610A /* Extensions */ = {
			isa = PBXGroup;
			children = (
				809630012C6349500039610A /* AnyPublisher.swift */,
				809630022C6349500039610A /* Future.swift */,
				809630032C6349500039610A /* Locator.swift */,
				809630042C6349500039610A /* UIImage.swift */,
				809630052C6349500039610A /* UIViewController.swift */,
			);
			path = Extensions;
			sourceTree = "<group>";
		};
		809630092C6349500039610A /* Toolkit */ = {
			isa = PBXGroup;
			children = (
				809630062C6349500039610A /* Extensions */,
				809630072C6349500039610A /* BarButtonItem.swift */,
				809630082C6349500039610A /* ScreenOrientation.swift */,
			);
			path = Toolkit;
			sourceTree = "<group>";
		};
		8096300B2C6349500039610A /* UX */ = {
			isa = PBXGroup;
			children = (
				8096300A2C6349500039610A /* IconButton.swift */,
			);
			path = UX;
			sourceTree = "<group>";
		};
		8096300E2C6349500039610A /* Common */ = {
			isa = PBXGroup;
			children = (
				809630092C6349500039610A /* Toolkit */,
				8096300B2C6349500039610A /* UX */,
				8096300C2C6349500039610A /* Paths.swift */,
				8096300D2C6349500039610A /* Publication.swift */,
			);
			path = Common;
			sourceTree = "<group>";
		};
		809630102C6349500039610A /* About */ = {
			isa = PBXGroup;
			children = (
				8096300F2C6349500039610A /* About.storyboard */,
			);
			path = About;
			sourceTree = "<group>";
		};
		809630132C6349500039610A /* DRM */ = {
			isa = PBXGroup;
			children = (
				809630112C6349500039610A /* DRMLibraryService.swift */,
				809630122C6349500039610A /* LCPLibraryService.swift */,
			);
			path = DRM;
			sourceTree = "<group>";
		};
		809630242C6349500039610A /* Library */ = {
			isa = PBXGroup;
			children = (
				809630132C6349500039610A /* DRM */,
				809630142C6349500039610A /* DetailsTableViewController.swift */,
				809630162C6349500039610A /* Library.storyboard */,
				809630172C6349500039610A /* LibraryError.swift */,
				809630182C6349500039610A /* LibraryFactory.swift */,
				809630192C6349500039610A /* LibraryModule.swift */,
				8096301A2C6349500039610A /* LibraryService.swift */,
				8096301B2C6349500039610A /* LibraryViewController.swift */,
				8096301C2C6349500039610A /* PublicationCollectionViewCell.swift */,
				8096301E2C6349500039610A /* PublicationCollectionViewCell.xib */,
				809630202C6349500039610A /* PublicationMenuViewController.strings */,
				809630212C6349500039610A /* PublicationMenuViewController.swift */,
				809630232C6349500039610A /* PublicationMenuViewController.xib */,
			);
			name = Library;
			path = "../../../swift-toolkit/TestApp/Sources/Library";
			sourceTree = "<group>";
		};
		809630322C6349500039610A /* OPDS */ = {
			isa = PBXGroup;
			children = (
				809630262C6349500039610A /* OPDS.storyboard */,
				809630272C6349500039610A /* OPDSCatalogSelectorViewController.swift */,
				809630282C6349500039610A /* OPDSFacetViewController.swift */,
				809630292C6349500039610A /* OPDSFactory.swift */,
				8096302A2C6349500039610A /* OPDSGroupCollectionViewCell.swift */,
				8096302B2C6349500039610A /* OPDSGroupTableViewCell.swift */,
				8096302C2C6349500039610A /* OPDSModule.swift */,
				8096302D2C6349500039610A /* OPDSNavigationTableViewCell.swift */,
				8096302E2C6349500039610A /* OPDSPlaceholderView.swift */,
				8096302F2C6349500039610A /* OPDSPublicationInfoViewController.swift */,
				809630302C6349500039610A /* OPDSPublicationTableViewCell.swift */,
				809630312C6349500039610A /* OPDSRootTableViewController.swift */,
			);
			name = OPDS;
			path = "../../../swift-toolkit/TestApp/Sources/OPDS";
			sourceTree = "<group>";
		};
		809630352C6349500039610A /* Audiobook */ = {
			isa = PBXGroup;
			children = (
				809630332C6349500039610A /* AudiobookModule.swift */,
				809630342C6349500039610A /* AudiobookViewController.swift */,
			);
			path = Audiobook;
			sourceTree = "<group>";
		};
		809630382C6349500039610A /* CBZ */ = {
			isa = PBXGroup;
			children = (
				809630362C6349500039610A /* CBZModule.swift */,
				809630372C6349500039610A /* CBZViewController.swift */,
			);
			path = CBZ;
			sourceTree = "<group>";
		};
		8096303A2C6349500039610A /* Bookmark */ = {
			isa = PBXGroup;
			children = (
				809630392C6349500039610A /* BookmarkCellView.swift */,
			);
			path = Bookmark;
			sourceTree = "<group>";
		};
		8096303F2C6349500039610A /* DRM */ = {
			isa = PBXGroup;
			children = (
				8096303C2C6349500039610A /* DRM.storyboard */,
				8096303D2C6349500039610A /* LCPManagementTableViewController.swift */,
				8096303E2C6349500039610A /* LCPViewModel.swift */,
			);
			path = DRM;
			sourceTree = "<group>";
		};
		809630422C6349500039610A /* Highlight */ = {
			isa = PBXGroup;
			children = (
				809630402C6349500039610A /* HighlightCellView.swift */,
				809630412C6349500039610A /* HighlightContextMenu.swift */,
			);
			path = Highlight;
			sourceTree = "<group>";
		};
		809630452C6349500039610A /* Outline */ = {
			isa = PBXGroup;
			children = (
				809630432C6349500039610A /* OutlineTableView.swift */,
				809630442C6349500039610A /* OutlineViewModels.swift */,
			);
			path = Outline;
			sourceTree = "<group>";
		};
		809630472C6349500039610A /* Preferences */ = {
			isa = PBXGroup;
			children = (
				809630462C6349500039610A /* UserPreferences.swift */,
			);
			path = Preferences;
			sourceTree = "<group>";
		};
		8096304A2C6349500039610A /* Search */ = {
			isa = PBXGroup;
			children = (
				809630482C6349500039610A /* SearchView.swift */,
				809630492C6349500039610A /* SearchViewModel.swift */,
			);
			path = Search;
			sourceTree = "<group>";
		};
		8096304D2C6349500039610A /* TTS */ = {
			isa = PBXGroup;
			children = (
				8096304B2C6349500039610A /* TTSView.swift */,
				8096304C2C6349500039610A /* TTSViewModel.swift */,
			);
			path = TTS;
			sourceTree = "<group>";
		};
		809630502C6349500039610A /* Common */ = {
			isa = PBXGroup;
			children = (
				8096303A2C6349500039610A /* Bookmark */,
				8096303F2C6349500039610A /* DRM */,
				809630422C6349500039610A /* Highlight */,
				809630452C6349500039610A /* Outline */,
				809630472C6349500039610A /* Preferences */,
				8096304A2C6349500039610A /* Search */,
				8096304D2C6349500039610A /* TTS */,
				8096304E2C6349500039610A /* ReaderViewController.swift */,
				8096304F2C6349500039610A /* VisualReaderViewController.swift */,
			);
			path = Common;
			sourceTree = "<group>";
		};
		809630532C6349500039610A /* EPUB */ = {
			isa = PBXGroup;
			children = (
				809630512C6349500039610A /* EPUBModule.swift */,
				809630522C6349500039610A /* EPUBViewController.swift */,
			);
			path = EPUB;
			sourceTree = "<group>";
		};
		809630562C6349500039610A /* PDF */ = {
			isa = PBXGroup;
			children = (
				809630542C6349500039610A /* PDFModule.swift */,
				809630552C6349500039610A /* PDFViewController.swift */,
			);
			path = PDF;
			sourceTree = "<group>";
		};
		8096305C2C6349500039610A /* Reader */ = {
			isa = PBXGroup;
			children = (
				809630352C6349500039610A /* Audiobook */,
				809630382C6349500039610A /* CBZ */,
				809630502C6349500039610A /* Common */,
				809630532C6349500039610A /* EPUB */,
				809630562C6349500039610A /* PDF */,
				809630572C6349500039610A /* ReaderError.swift */,
				809630582C6349500039610A /* ReaderFactory.swift */,
				809630592C6349500039610A /* ReaderFormatModule.swift */,
				8096305A2C6349500039610A /* ReaderModule.swift */,
				8096305B2C6349500039610A /* Toast.swift */,
			);
			name = Reader;
			path = "../../../swift-toolkit/TestApp/Sources/Reader";
			sourceTree = "<group>";
		};
		8096305F2C6349500039610A /* Fonts */ = {
			isa = PBXGroup;
			children = (
				8096305D2C6349500039610A /* Literata-Italic-VariableFont_opsz,wght.ttf */,
				8096305E2C6349500039610A /* Literata-VariableFont_opsz,wght.ttf */,
			);
			path = Fonts;
			sourceTree = "<group>";
		};
		809630622C6349500039610A /* Fonts copy */ = {
			isa = PBXGroup;
			children = (
				809630602C6349500039610A /* Literata-Italic-VariableFont_opsz,wght.ttf */,
				809630612C6349500039610A /* Literata-VariableFont_opsz,wght.ttf */,
			);
			path = "Fonts copy";
			sourceTree = "<group>";
		};
		809630682C6349500039610A /* Resources */ = {
			isa = PBXGroup;
			children = (
				8096305F2C6349500039610A /* Fonts */,
				809630622C6349500039610A /* Fonts copy */,
				809630632C6349500039610A /* Assets.xcassets */,
				809630652C6349500039610A /* LaunchScreen.storyboard */,
				809630672C6349500039610A /* Localizable.strings */,
			);
			name = Resources;
			path = "../../../swift-toolkit/TestApp/Sources/Resources";
			sourceTree = "<group>";
		};
		8096306E2C6349500039610A /* Data */ = {
			isa = PBXGroup;
			children = (
				809630692C6349500039610A /* Book.swift */,
				8096306A2C6349500039610A /* Bookmark.swift */,
				8096306B2C6349500039610A /* Database.swift */,
				8096306C2C6349500039610A /* Highlight.swift */,
				8096306D2C6349500039610A /* UserPreferencesStore.swift */,
			);
			path = Data;
			sourceTree = "<group>";
		};
		809630732C6349500039610A /* App */ = {
			isa = PBXGroup;
			children = (
				8096306F2C6349500039610A /* AboutTableViewController.swift */,
				809630712C6349500039610A /* App.storyboard */,
				809630722C6349500039610A /* AppModule.swift */,
			);
			path = App;
			sourceTree = "<group>";
		};
		E214F15225B70B0900D330D4 = {
			isa = PBXGroup;
			children = (
				E214F15E25B70B0900D330D4 /* ReadiumWrapper */,
				E214F16925B70B0900D330D4 /* ReadiumWrapperTests */,
				E214F15D25B70B0900D330D4 /* Products */,
				5F04BE323B43608FE7E4D8FC /* Pods */,
				30ADEBE9D7F920F6BDE2C090 /* Frameworks */,
			);
			sourceTree = "<group>";
		};
		E214F15D25B70B0900D330D4 /* Products */ = {
			isa = PBXGroup;
			children = (
				E214F15C25B70B0900D330D4 /* ReadiumWrapper.framework */,
				E214F16525B70B0900D330D4 /* ReadiumWrapperTests.xctest */,
			);
			name = Products;
			sourceTree = "<group>";
		};
		E214F15E25B70B0900D330D4 /* ReadiumWrapper */ = {
			isa = PBXGroup;
			children = (
				E214F24525B71F4A00D330D4 /* Readium */,
				E214F15F25B70B0900D330D4 /* ReadiumWrapper.h */,
				E214F30725B71F5800D330D4 /* ReadiumWrapper.swift */,
				E214F16025B70B0900D330D4 /* Info.plist */,
			);
			path = ReadiumWrapper;
			sourceTree = "<group>";
		};
		E214F16925B70B0900D330D4 /* ReadiumWrapperTests */ = {
			isa = PBXGroup;
			children = (
				E214F16A25B70B0900D330D4 /* ReadiumWrapperTests.swift */,
				E214F16C25B70B0900D330D4 /* Info.plist */,
			);
			path = ReadiumWrapperTests;
			sourceTree = "<group>";
		};
		E214F24525B71F4A00D330D4 /* Readium */ = {
			isa = PBXGroup;
			children = (
				809630102C6349500039610A /* About */,
				809630732C6349500039610A /* App */,
				8096300E2C6349500039610A /* Common */,
				8096306E2C6349500039610A /* Data */,
				809630242C6349500039610A /* Library */,
				809630322C6349500039610A /* OPDS */,
				8096305C2C6349500039610A /* Reader */,
				809630682C6349500039610A /* Resources */,
			);
			path = Readium;
			sourceTree = "<group>";
		};
/* End PBXGroup section */

/* Begin PBXHeadersBuildPhase section */
		E214F15725B70B0900D330D4 /* Headers */ = {
			isa = PBXHeadersBuildPhase;
			buildActionMask = 2147483647;
			files = (
				E214F16D25B70B0900D330D4 /* ReadiumWrapper.h in Headers */,
			);
			runOnlyForDeploymentPostprocessing = 0;
		};
/* End PBXHeadersBuildPhase section */

/* Begin PBXNativeTarget section */
		E214F15B25B70B0900D330D4 /* ReadiumWrapper */ = {
			isa = PBXNativeTarget;
			buildConfigurationList = E214F17025B70B0900D330D4 /* Build configuration list for PBXNativeTarget "ReadiumWrapper" */;
			buildPhases = (
				EC6D94FC3A212A9CC7E01BA2 /* [CP] Check Pods Manifest.lock */,
				E214F15725B70B0900D330D4 /* Headers */,
				E214F15825B70B0900D330D4 /* Sources */,
				E214F15925B70B0900D330D4 /* Frameworks */,
				E214F15A25B70B0900D330D4 /* Resources */,
			);
			buildRules = (
			);
			dependencies = (
			);
			name = ReadiumWrapper;
			productName = ReadiumWrapper;
			productReference = E214F15C25B70B0900D330D4 /* ReadiumWrapper.framework */;
			productType = "com.apple.product-type.framework";
		};
		E214F16425B70B0900D330D4 /* ReadiumWrapperTests */ = {
			isa = PBXNativeTarget;
			buildConfigurationList = E214F17325B70B0900D330D4 /* Build configuration list for PBXNativeTarget "ReadiumWrapperTests" */;
			buildPhases = (
				57074FE4A33F1663DF1A0D39 /* [CP] Check Pods Manifest.lock */,
				E214F16125B70B0900D330D4 /* Sources */,
				E214F16225B70B0900D330D4 /* Frameworks */,
				E214F16325B70B0900D330D4 /* Resources */,
				E2833DF0CAC3D8A8C398A40D /* [CP] Embed Pods Frameworks */,
			);
			buildRules = (
			);
			dependencies = (
				E214F16825B70B0900D330D4 /* PBXTargetDependency */,
			);
			name = ReadiumWrapperTests;
			productName = ReadiumWrapperTests;
			productReference = E214F16525B70B0900D330D4 /* ReadiumWrapperTests.xctest */;
			productType = "com.apple.product-type.bundle.unit-test";
		};
/* End PBXNativeTarget section */

/* Begin PBXProject section */
		E214F15325B70B0900D330D4 /* Project object */ = {
			isa = PBXProject;
			attributes = {
				LastSwiftUpdateCheck = 1230;
				LastUpgradeCheck = 1230;
				TargetAttributes = {
					E214F15B25B70B0900D330D4 = {
						CreatedOnToolsVersion = 12.3;
					};
					E214F16425B70B0900D330D4 = {
						CreatedOnToolsVersion = 12.3;
					};
				};
			};
			buildConfigurationList = E214F15625B70B0900D330D4 /* Build configuration list for PBXProject "ReadiumWrapper" */;
			compatibilityVersion = "Xcode 9.3";
			developmentRegion = en;
			hasScannedForEncodings = 0;
			knownRegions = (
				en,
				Base,
			);
			mainGroup = E214F15225B70B0900D330D4;
			productRefGroup = E214F15D25B70B0900D330D4 /* Products */;
			projectDirPath = "";
			projectRoot = "";
			targets = (
				E214F15B25B70B0900D330D4 /* ReadiumWrapper */,
				E214F16425B70B0900D330D4 /* ReadiumWrapperTests */,
			);
		};
/* End PBXProject section */

/* Begin PBXResourcesBuildPhase section */
		E214F15A25B70B0900D330D4 /* Resources */ = {
			isa = PBXResourcesBuildPhase;
			buildActionMask = 2147483647;
			files = (
				8096309E2C6349500039610A /* DRM.storyboard in Resources */,
				809630BB2C6349510039610A /* Localizable.strings in Resources */,
				809630822C6349500039610A /* Library.storyboard in Resources */,
				8096308C2C6349500039610A /* PublicationMenuViewController.xib in Resources */,
				8096307E2C6349500039610A /* About.storyboard in Resources */,
				809630BA2C6349510039610A /* LaunchScreen.storyboard in Resources */,
				809630892C6349500039610A /* PublicationCollectionViewCell.xib in Resources */,
				8096308D2C6349500039610A /* OPDS.storyboard in Resources */,
				809630B92C6349510039610A /* Assets.xcassets in Resources */,
				8096308A2C6349500039610A /* PublicationMenuViewController.strings in Resources */,
				809630C22C6349510039610A /* App.storyboard in Resources */,
			);
			runOnlyForDeploymentPostprocessing = 0;
		};
		E214F16325B70B0900D330D4 /* Resources */ = {
			isa = PBXResourcesBuildPhase;
			buildActionMask = 2147483647;
			files = (
			);
			runOnlyForDeploymentPostprocessing = 0;
		};
/* End PBXResourcesBuildPhase section */

/* Begin PBXShellScriptBuildPhase section */
		57074FE4A33F1663DF1A0D39 /* [CP] Check Pods Manifest.lock */ = {
			isa = PBXShellScriptBuildPhase;
			buildActionMask = 2147483647;
			files = (
			);
			inputFileListPaths = (
			);
			inputPaths = (
				"${PODS_PODFILE_DIR_PATH}/Podfile.lock",
				"${PODS_ROOT}/Manifest.lock",
			);
			name = "[CP] Check Pods Manifest.lock";
			outputFileListPaths = (
			);
			outputPaths = (
				"$(DERIVED_FILE_DIR)/Pods-ReadiumWrapper-ReadiumWrapperTests-checkManifestLockResult.txt",
			);
			runOnlyForDeploymentPostprocessing = 0;
			shellPath = /bin/sh;
			shellScript = "diff \"${PODS_PODFILE_DIR_PATH}/Podfile.lock\" \"${PODS_ROOT}/Manifest.lock\" > /dev/null\nif [ $? != 0 ] ; then\n    # print error to STDERR\n    echo \"error: The sandbox is not in sync with the Podfile.lock. Run 'pod install' or update your CocoaPods installation.\" >&2\n    exit 1\nfi\n# This output is used by Xcode 'outputs' to avoid re-running this script phase.\necho \"SUCCESS\" > \"${SCRIPT_OUTPUT_FILE_0}\"\n";
			showEnvVarsInLog = 0;
		};
		E2833DF0CAC3D8A8C398A40D /* [CP] Embed Pods Frameworks */ = {
			isa = PBXShellScriptBuildPhase;
			buildActionMask = 2147483647;
			files = (
			);
			inputFileListPaths = (
				"${PODS_ROOT}/Target Support Files/Pods-ReadiumWrapper-ReadiumWrapperTests/Pods-ReadiumWrapper-ReadiumWrapperTests-frameworks-${CONFIGURATION}-input-files.xcfilelist",
			);
			name = "[CP] Embed Pods Frameworks";
			outputFileListPaths = (
				"${PODS_ROOT}/Target Support Files/Pods-ReadiumWrapper-ReadiumWrapperTests/Pods-ReadiumWrapper-ReadiumWrapperTests-frameworks-${CONFIGURATION}-output-files.xcfilelist",
			);
			runOnlyForDeploymentPostprocessing = 0;
			shellPath = /bin/sh;
			shellScript = "\"${PODS_ROOT}/Target Support Files/Pods-ReadiumWrapper-ReadiumWrapperTests/Pods-ReadiumWrapper-ReadiumWrapperTests-frameworks.sh\"\n";
			showEnvVarsInLog = 0;
		};
		EC6D94FC3A212A9CC7E01BA2 /* [CP] Check Pods Manifest.lock */ = {
			isa = PBXShellScriptBuildPhase;
			buildActionMask = 2147483647;
			files = (
			);
			inputFileListPaths = (
			);
			inputPaths = (
				"${PODS_PODFILE_DIR_PATH}/Podfile.lock",
				"${PODS_ROOT}/Manifest.lock",
			);
			name = "[CP] Check Pods Manifest.lock";
			outputFileListPaths = (
			);
			outputPaths = (
				"$(DERIVED_FILE_DIR)/Pods-ReadiumWrapper-checkManifestLockResult.txt",
			);
			runOnlyForDeploymentPostprocessing = 0;
			shellPath = /bin/sh;
			shellScript = "diff \"${PODS_PODFILE_DIR_PATH}/Podfile.lock\" \"${PODS_ROOT}/Manifest.lock\" > /dev/null\nif [ $? != 0 ] ; then\n    # print error to STDERR\n    echo \"error: The sandbox is not in sync with the Podfile.lock. Run 'pod install' or update your CocoaPods installation.\" >&2\n    exit 1\nfi\n# This output is used by Xcode 'outputs' to avoid re-running this script phase.\necho \"SUCCESS\" > \"${SCRIPT_OUTPUT_FILE_0}\"\n";
			showEnvVarsInLog = 0;
		};
/* End PBXShellScriptBuildPhase section */

/* Begin PBXSourcesBuildPhase section */
		E214F15825B70B0900D330D4 /* Sources */ = {
			isa = PBXSourcesBuildPhase;
			buildActionMask = 2147483647;
			files = (
				809630B32C6349510039610A /* ReaderModule.swift in Sources */,
				809630C12C6349510039610A /* AboutTableViewController.swift in Sources */,
				8096307B2C6349500039610A /* IconButton.swift in Sources */,
				809630922C6349500039610A /* OPDSGroupTableViewCell.swift in Sources */,
				809630912C6349500039610A /* OPDSGroupCollectionViewCell.swift in Sources */,
				809630942C6349500039610A /* OPDSNavigationTableViewCell.swift in Sources */,
				809630A92C6349500039610A /* TTSViewModel.swift in Sources */,
				809630832C6349500039610A /* LibraryError.swift in Sources */,
				8096309B2C6349500039610A /* CBZModule.swift in Sources */,
				809630BC2C6349510039610A /* Book.swift in Sources */,
				809630972C6349500039610A /* OPDSPublicationTableViewCell.swift in Sources */,
				809630C32C6349510039610A /* AppModule.swift in Sources */,
				8096309D2C6349500039610A /* BookmarkCellView.swift in Sources */,
				809630AF2C6349510039610A /* PDFViewController.swift in Sources */,
				809630A32C6349500039610A /* OutlineTableView.swift in Sources */,
				809630962C6349500039610A /* OPDSPublicationInfoViewController.swift in Sources */,
				809630A62C6349500039610A /* SearchView.swift in Sources */,
				809630A22C6349500039610A /* HighlightContextMenu.swift in Sources */,
				809630872C6349500039610A /* LibraryViewController.swift in Sources */,
				809630AD2C6349500039610A /* EPUBViewController.swift in Sources */,
				809630882C6349500039610A /* PublicationCollectionViewCell.swift in Sources */,
				809630C02C6349510039610A /* UserPreferencesStore.swift in Sources */,
				809630A72C6349500039610A /* SearchViewModel.swift in Sources */,
				809630762C6349500039610A /* Locator.swift in Sources */,
				809630862C6349500039610A /* LibraryService.swift in Sources */,
				809630792C6349500039610A /* BarButtonItem.swift in Sources */,
				8096307F2C6349500039610A /* DRMLibraryService.swift in Sources */,
				8096307D2C6349500039610A /* Publication.swift in Sources */,
				8096309F2C6349500039610A /* LCPManagementTableViewController.swift in Sources */,
				809630BE2C6349510039610A /* Database.swift in Sources */,
				809630AC2C6349500039610A /* EPUBModule.swift in Sources */,
				809630B12C6349510039610A /* ReaderFactory.swift in Sources */,
				809630772C6349500039610A /* UIImage.swift in Sources */,
				809630902C6349500039610A /* OPDSFactory.swift in Sources */,
				809630A52C6349500039610A /* UserPreferences.swift in Sources */,
				8096309A2C6349500039610A /* AudiobookViewController.swift in Sources */,
				809630782C6349500039610A /* UIViewController.swift in Sources */,
				809630852C6349500039610A /* LibraryModule.swift in Sources */,
				809630B02C6349510039610A /* ReaderError.swift in Sources */,
				809630B42C6349510039610A /* Toast.swift in Sources */,
				809630992C6349500039610A /* AudiobookModule.swift in Sources */,
				809630BD2C6349510039610A /* Bookmark.swift in Sources */,
				8096308B2C6349500039610A /* PublicationMenuViewController.swift in Sources */,
				8096308E2C6349500039610A /* OPDSCatalogSelectorViewController.swift in Sources */,
				809630752C6349500039610A /* Future.swift in Sources */,
				809630952C6349500039610A /* OPDSPlaceholderView.swift in Sources */,
				8096307C2C6349500039610A /* Paths.swift in Sources */,
				809630A82C6349500039610A /* TTSView.swift in Sources */,
				809630982C6349500039610A /* OPDSRootTableViewController.swift in Sources */,
				809630A12C6349500039610A /* HighlightCellView.swift in Sources */,
				E214F30825B71F5800D330D4 /* ReadiumWrapper.swift in Sources */,
				809630A02C6349500039610A /* LCPViewModel.swift in Sources */,
				809630AE2C6349510039610A /* PDFModule.swift in Sources */,
				809630B22C6349510039610A /* ReaderFormatModule.swift in Sources */,
				8096309C2C6349500039610A /* CBZViewController.swift in Sources */,
				8096307A2C6349500039610A /* ScreenOrientation.swift in Sources */,
				809630842C6349500039610A /* LibraryFactory.swift in Sources */,
				809630932C6349500039610A /* OPDSModule.swift in Sources */,
				809630742C6349500039610A /* AnyPublisher.swift in Sources */,
				809630AA2C6349500039610A /* ReaderViewController.swift in Sources */,
				809630812C6349500039610A /* DetailsTableViewController.swift in Sources */,
				809630BF2C6349510039610A /* Highlight.swift in Sources */,
				809630AB2C6349500039610A /* VisualReaderViewController.swift in Sources */,
				809630802C6349500039610A /* LCPLibraryService.swift in Sources */,
				809630A42C6349500039610A /* OutlineViewModels.swift in Sources */,
				8096308F2C6349500039610A /* OPDSFacetViewController.swift in Sources */,
			);
			runOnlyForDeploymentPostprocessing = 0;
		};
		E214F16125B70B0900D330D4 /* Sources */ = {
			isa = PBXSourcesBuildPhase;
			buildActionMask = 2147483647;
			files = (
				E214F16B25B70B0900D330D4 /* ReadiumWrapperTests.swift in Sources */,
			);
			runOnlyForDeploymentPostprocessing = 0;
		};
/* End PBXSourcesBuildPhase section */

/* Begin PBXTargetDependency section */
		E214F16825B70B0900D330D4 /* PBXTargetDependency */ = {
			isa = PBXTargetDependency;
			target = E214F15B25B70B0900D330D4 /* ReadiumWrapper */;
			targetProxy = E214F16725B70B0900D330D4 /* PBXContainerItemProxy */;
		};
/* End PBXTargetDependency section */

/* Begin PBXVariantGroup section */
		809630162C6349500039610A /* Library.storyboard */ = {
			isa = PBXVariantGroup;
			children = (
				809630152C6349500039610A /* Base */,
			);
			name = Library.storyboard;
			sourceTree = "<group>";
		};
		8096301E2C6349500039610A /* PublicationCollectionViewCell.xib */ = {
			isa = PBXVariantGroup;
			children = (
				8096301D2C6349500039610A /* Base */,
			);
			name = PublicationCollectionViewCell.xib;
			sourceTree = "<group>";
		};
		809630202C6349500039610A /* PublicationMenuViewController.strings */ = {
			isa = PBXVariantGroup;
			children = (
				8096301F2C6349500039610A /* en */,
			);
			name = PublicationMenuViewController.strings;
			sourceTree = "<group>";
		};
		809630232C6349500039610A /* PublicationMenuViewController.xib */ = {
			isa = PBXVariantGroup;
			children = (
				809630222C6349500039610A /* Base */,
			);
			name = PublicationMenuViewController.xib;
			sourceTree = "<group>";
		};
		809630262C6349500039610A /* OPDS.storyboard */ = {
			isa = PBXVariantGroup;
			children = (
				809630252C6349500039610A /* Base */,
			);
			name = OPDS.storyboard;
			sourceTree = "<group>";
		};
		8096303C2C6349500039610A /* DRM.storyboard */ = {
			isa = PBXVariantGroup;
			children = (
				8096303B2C6349500039610A /* Base */,
			);
			name = DRM.storyboard;
			sourceTree = "<group>";
		};
		809630652C6349500039610A /* LaunchScreen.storyboard */ = {
			isa = PBXVariantGroup;
			children = (
				809630642C6349500039610A /* Base */,
			);
			name = LaunchScreen.storyboard;
			sourceTree = "<group>";
		};
		809630672C6349500039610A /* Localizable.strings */ = {
			isa = PBXVariantGroup;
			children = (
				809630662C6349500039610A /* en */,
			);
			name = Localizable.strings;
			sourceTree = "<group>";
		};
		809630712C6349500039610A /* App.storyboard */ = {
			isa = PBXVariantGroup;
			children = (
				809630702C6349500039610A /* Base */,
			);
			name = App.storyboard;
			sourceTree = "<group>";
		};
/* End PBXVariantGroup section */

/* Begin XCBuildConfiguration section */
		E214F16E25B70B0900D330D4 /* Debug */ = {
			isa = XCBuildConfiguration;
			buildSettings = {
				ALWAYS_SEARCH_USER_PATHS = NO;
				CLANG_ANALYZER_NONNULL = YES;
				CLANG_ANALYZER_NUMBER_OBJECT_CONVERSION = YES_AGGRESSIVE;
				CLANG_CXX_LANGUAGE_STANDARD = "gnu++14";
				CLANG_CXX_LIBRARY = "libc++";
				CLANG_ENABLE_MODULES = YES;
				CLANG_ENABLE_OBJC_ARC = YES;
				CLANG_ENABLE_OBJC_WEAK = YES;
				CLANG_WARN_BLOCK_CAPTURE_AUTORELEASING = YES;
				CLANG_WARN_BOOL_CONVERSION = YES;
				CLANG_WARN_COMMA = YES;
				CLANG_WARN_CONSTANT_CONVERSION = YES;
				CLANG_WARN_DEPRECATED_OBJC_IMPLEMENTATIONS = YES;
				CLANG_WARN_DIRECT_OBJC_ISA_USAGE = YES_ERROR;
				CLANG_WARN_DOCUMENTATION_COMMENTS = YES;
				CLANG_WARN_EMPTY_BODY = YES;
				CLANG_WARN_ENUM_CONVERSION = YES;
				CLANG_WARN_INFINITE_RECURSION = YES;
				CLANG_WARN_INT_CONVERSION = YES;
				CLANG_WARN_NON_LITERAL_NULL_CONVERSION = YES;
				CLANG_WARN_OBJC_IMPLICIT_RETAIN_SELF = YES;
				CLANG_WARN_OBJC_LITERAL_CONVERSION = YES;
				CLANG_WARN_OBJC_ROOT_CLASS = YES_ERROR;
				CLANG_WARN_QUOTED_INCLUDE_IN_FRAMEWORK_HEADER = YES;
				CLANG_WARN_RANGE_LOOP_ANALYSIS = YES;
				CLANG_WARN_STRICT_PROTOTYPES = YES;
				CLANG_WARN_SUSPICIOUS_MOVE = YES;
				CLANG_WARN_UNGUARDED_AVAILABILITY = YES_AGGRESSIVE;
				CLANG_WARN_UNREACHABLE_CODE = YES;
				CLANG_WARN__DUPLICATE_METHOD_MATCH = YES;
				COPY_PHASE_STRIP = NO;
				CURRENT_PROJECT_VERSION = 1;
				DEBUG_INFORMATION_FORMAT = dwarf;
				ENABLE_STRICT_OBJC_MSGSEND = YES;
				ENABLE_TESTABILITY = YES;
				GCC_C_LANGUAGE_STANDARD = gnu11;
				GCC_DYNAMIC_NO_PIC = NO;
				GCC_NO_COMMON_BLOCKS = YES;
				GCC_OPTIMIZATION_LEVEL = 0;
				GCC_PREPROCESSOR_DEFINITIONS = (
					"DEBUG=1",
					"$(inherited)",
				);
				GCC_WARN_64_TO_32_BIT_CONVERSION = YES;
				GCC_WARN_ABOUT_RETURN_TYPE = YES_ERROR;
				GCC_WARN_UNDECLARED_SELECTOR = YES;
				GCC_WARN_UNINITIALIZED_AUTOS = YES_AGGRESSIVE;
				GCC_WARN_UNUSED_FUNCTION = YES;
				GCC_WARN_UNUSED_VARIABLE = YES;
				IPHONEOS_DEPLOYMENT_TARGET = 14.3;
				MTL_ENABLE_DEBUG_INFO = INCLUDE_SOURCE;
				MTL_FAST_MATH = YES;
				ONLY_ACTIVE_ARCH = YES;
				SDKROOT = iphoneos;
				SWIFT_ACTIVE_COMPILATION_CONDITIONS = DEBUG;
				SWIFT_OPTIMIZATION_LEVEL = "-Onone";
				VERSIONING_SYSTEM = "apple-generic";
				VERSION_INFO_PREFIX = "";
			};
			name = Debug;
		};
		E214F16F25B70B0900D330D4 /* Release */ = {
			isa = XCBuildConfiguration;
			buildSettings = {
				ALWAYS_SEARCH_USER_PATHS = NO;
				CLANG_ANALYZER_NONNULL = YES;
				CLANG_ANALYZER_NUMBER_OBJECT_CONVERSION = YES_AGGRESSIVE;
				CLANG_CXX_LANGUAGE_STANDARD = "gnu++14";
				CLANG_CXX_LIBRARY = "libc++";
				CLANG_ENABLE_MODULES = YES;
				CLANG_ENABLE_OBJC_ARC = YES;
				CLANG_ENABLE_OBJC_WEAK = YES;
				CLANG_WARN_BLOCK_CAPTURE_AUTORELEASING = YES;
				CLANG_WARN_BOOL_CONVERSION = YES;
				CLANG_WARN_COMMA = YES;
				CLANG_WARN_CONSTANT_CONVERSION = YES;
				CLANG_WARN_DEPRECATED_OBJC_IMPLEMENTATIONS = YES;
				CLANG_WARN_DIRECT_OBJC_ISA_USAGE = YES_ERROR;
				CLANG_WARN_DOCUMENTATION_COMMENTS = YES;
				CLANG_WARN_EMPTY_BODY = YES;
				CLANG_WARN_ENUM_CONVERSION = YES;
				CLANG_WARN_INFINITE_RECURSION = YES;
				CLANG_WARN_INT_CONVERSION = YES;
				CLANG_WARN_NON_LITERAL_NULL_CONVERSION = YES;
				CLANG_WARN_OBJC_IMPLICIT_RETAIN_SELF = YES;
				CLANG_WARN_OBJC_LITERAL_CONVERSION = YES;
				CLANG_WARN_OBJC_ROOT_CLASS = YES_ERROR;
				CLANG_WARN_QUOTED_INCLUDE_IN_FRAMEWORK_HEADER = YES;
				CLANG_WARN_RANGE_LOOP_ANALYSIS = YES;
				CLANG_WARN_STRICT_PROTOTYPES = YES;
				CLANG_WARN_SUSPICIOUS_MOVE = YES;
				CLANG_WARN_UNGUARDED_AVAILABILITY = YES_AGGRESSIVE;
				CLANG_WARN_UNREACHABLE_CODE = YES;
				CLANG_WARN__DUPLICATE_METHOD_MATCH = YES;
				COPY_PHASE_STRIP = NO;
				CURRENT_PROJECT_VERSION = 1;
				DEBUG_INFORMATION_FORMAT = "dwarf-with-dsym";
				ENABLE_NS_ASSERTIONS = NO;
				ENABLE_STRICT_OBJC_MSGSEND = YES;
				GCC_C_LANGUAGE_STANDARD = gnu11;
				GCC_NO_COMMON_BLOCKS = YES;
				GCC_WARN_64_TO_32_BIT_CONVERSION = YES;
				GCC_WARN_ABOUT_RETURN_TYPE = YES_ERROR;
				GCC_WARN_UNDECLARED_SELECTOR = YES;
				GCC_WARN_UNINITIALIZED_AUTOS = YES_AGGRESSIVE;
				GCC_WARN_UNUSED_FUNCTION = YES;
				GCC_WARN_UNUSED_VARIABLE = YES;
				IPHONEOS_DEPLOYMENT_TARGET = 14.3;
				MTL_ENABLE_DEBUG_INFO = NO;
				MTL_FAST_MATH = YES;
				SDKROOT = iphoneos;
				SWIFT_COMPILATION_MODE = wholemodule;
				SWIFT_OPTIMIZATION_LEVEL = "-O";
				VALIDATE_PRODUCT = YES;
				VERSIONING_SYSTEM = "apple-generic";
				VERSION_INFO_PREFIX = "";
			};
			name = Release;
		};
		E214F17125B70B0900D330D4 /* Debug */ = {
			isa = XCBuildConfiguration;
			baseConfigurationReference = 8DABF39C48C4C190335613B4 /* Pods-ReadiumWrapper.debug.xcconfig */;
			buildSettings = {
				CODE_SIGN_STYLE = Automatic;
				DEFINES_MODULE = YES;
				DEVELOPMENT_TEAM = 3H6DHL252V;
				DYLIB_COMPATIBILITY_VERSION = 1;
				DYLIB_CURRENT_VERSION = 1;
				DYLIB_INSTALL_NAME_BASE = "@rpath";
				INFOPLIST_FILE = ReadiumWrapper/Info.plist;
				INSTALL_PATH = "$(LOCAL_LIBRARY_DIR)/Frameworks";
				LD_RUNPATH_SEARCH_PATHS = (
					"$(inherited)",
					"@executable_path/Frameworks",
					"@loader_path/Frameworks",
				);
				PRODUCT_BUNDLE_IDENTIFIER = io.mca.ReadiumWrapper;
				PRODUCT_NAME = "$(TARGET_NAME:c99extidentifier)";
				SKIP_INSTALL = YES;
				SWIFT_VERSION = 5.0;
				TARGETED_DEVICE_FAMILY = "1,2";
			};
			name = Debug;
		};
		E214F17225B70B0900D330D4 /* Release */ = {
			isa = XCBuildConfiguration;
			baseConfigurationReference = AD628F4A49179D0FB3E27E20 /* Pods-ReadiumWrapper.release.xcconfig */;
			buildSettings = {
				CODE_SIGN_STYLE = Automatic;
				DEFINES_MODULE = YES;
				DEVELOPMENT_TEAM = 3H6DHL252V;
				DYLIB_COMPATIBILITY_VERSION = 1;
				DYLIB_CURRENT_VERSION = 1;
				DYLIB_INSTALL_NAME_BASE = "@rpath";
				INFOPLIST_FILE = ReadiumWrapper/Info.plist;
				INSTALL_PATH = "$(LOCAL_LIBRARY_DIR)/Frameworks";
				LD_RUNPATH_SEARCH_PATHS = (
					"$(inherited)",
					"@executable_path/Frameworks",
					"@loader_path/Frameworks",
				);
				PRODUCT_BUNDLE_IDENTIFIER = io.mca.ReadiumWrapper;
				PRODUCT_NAME = "$(TARGET_NAME:c99extidentifier)";
				SKIP_INSTALL = YES;
				SWIFT_VERSION = 5.0;
				TARGETED_DEVICE_FAMILY = "1,2";
			};
			name = Release;
		};
		E214F17425B70B0900D330D4 /* Debug */ = {
			isa = XCBuildConfiguration;
			baseConfigurationReference = E492B40C5FA2D8658B341744 /* Pods-ReadiumWrapper-ReadiumWrapperTests.debug.xcconfig */;
			buildSettings = {
				ALWAYS_EMBED_SWIFT_STANDARD_LIBRARIES = YES;
				CODE_SIGN_STYLE = Automatic;
				DEVELOPMENT_TEAM = WR4VDCTQWR;
				INFOPLIST_FILE = ReadiumWrapperTests/Info.plist;
				LD_RUNPATH_SEARCH_PATHS = (
					"$(inherited)",
					"@executable_path/Frameworks",
					"@loader_path/Frameworks",
				);
				PRODUCT_BUNDLE_IDENTIFIER = io.mca.ReadiumWrapperTests;
				PRODUCT_NAME = "$(TARGET_NAME)";
				SWIFT_VERSION = 5.0;
				TARGETED_DEVICE_FAMILY = "1,2";
			};
			name = Debug;
		};
		E214F17525B70B0900D330D4 /* Release */ = {
			isa = XCBuildConfiguration;
			baseConfigurationReference = C54332BEE7C3420D4D7FBFA5 /* Pods-ReadiumWrapper-ReadiumWrapperTests.release.xcconfig */;
			buildSettings = {
				ALWAYS_EMBED_SWIFT_STANDARD_LIBRARIES = YES;
				CODE_SIGN_STYLE = Automatic;
				DEVELOPMENT_TEAM = WR4VDCTQWR;
				INFOPLIST_FILE = ReadiumWrapperTests/Info.plist;
				LD_RUNPATH_SEARCH_PATHS = (
					"$(inherited)",
					"@executable_path/Frameworks",
					"@loader_path/Frameworks",
				);
				PRODUCT_BUNDLE_IDENTIFIER = io.mca.ReadiumWrapperTests;
				PRODUCT_NAME = "$(TARGET_NAME)";
				SWIFT_VERSION = 5.0;
				TARGETED_DEVICE_FAMILY = "1,2";
			};
			name = Release;
		};
/* End XCBuildConfiguration section */

/* Begin XCConfigurationList section */
		E214F15625B70B0900D330D4 /* Build configuration list for PBXProject "ReadiumWrapper" */ = {
			isa = XCConfigurationList;
			buildConfigurations = (
				E214F16E25B70B0900D330D4 /* Debug */,
				E214F16F25B70B0900D330D4 /* Release */,
			);
			defaultConfigurationIsVisible = 0;
			defaultConfigurationName = Release;
		};
		E214F17025B70B0900D330D4 /* Build configuration list for PBXNativeTarget "ReadiumWrapper" */ = {
			isa = XCConfigurationList;
			buildConfigurations = (
				E214F17125B70B0900D330D4 /* Debug */,
				E214F17225B70B0900D330D4 /* Release */,
			);
			defaultConfigurationIsVisible = 0;
			defaultConfigurationName = Release;
		};
		E214F17325B70B0900D330D4 /* Build configuration list for PBXNativeTarget "ReadiumWrapperTests" */ = {
			isa = XCConfigurationList;
			buildConfigurations = (
				E214F17425B70B0900D330D4 /* Debug */,
				E214F17525B70B0900D330D4 /* Release */,
			);
			defaultConfigurationIsVisible = 0;
			defaultConfigurationName = Release;
		};
/* End XCConfigurationList section */
	};
	rootObject = E214F15325B70B0900D330D4 /* Project object */;
}
